
Microsoft Visual Studio Solution File, Format Version 12.00
# Visual Studio Version 17
VisualStudioVersion = 17.13.35825.156 d17.13
MinimumVisualStudioVersion = 10.0.40219.1
Project("{FAE04EC0-301F-11D3-BF4B-00C04F79EFBC}") = "InterAPI", "InterAPI\InterAPI.csproj", "{08B3E218-D469-4864-B06E-F17AFED2B5AA}"
EndProject
Global
	GlobalSection(SolutionConfigurationPlatforms) = preSolution
		Debug|Any CPU = Debug|Any CPU
		Release|Any CPU = Release|Any CPU
	EndGlobalSection
	GlobalSection(ProjectConfigurationPlatforms) = postSolution
		{08B3E218-D469-4864-B06E-F17AFED2B5AA}.Debug|Any CPU.ActiveCfg = Debug|Any CPU
		{08B3E218-D469-4864-B06E-F17AFED2B5AA}.Debug|Any CPU.Build.0 = Debug|Any CPU
		{08B3E218-D469-4864-B06E-F17AFED2B5AA}.Release|Any CPU.ActiveCfg = Release|Any CPU
		{08B3E218-D469-4864-B06E-F17AFED2B5AA}.Release|Any CPU.Build.0 = Release|Any CPU
	EndGlobalSection
	GlobalSection(SolutionProperties) = preSolution
		HideSolutionNode = FALSE
	EndGlobalSection
	GlobalSection(ExtensibilityGlobals) = postSolution
		SolutionGuid = {A3F48370-0D14-4E77-8E86-D318C21EE1CC}
	EndGlobalSection
EndGlobal
